PODS:
  - Capacitor (8.5.0):
    - CapacitorCordova
  - CapacitorApp (8.1.1):
    - Capacitor
  - CapacitorAppLauncher (8.0.1):
    - Capacitor
  - CapacitorBrowser (8.0.4):
    - Capacitor
  - CapacitorCamera (8.2.2):
    - Capacitor
  - CapacitorCommunityExif (8.0.0):
    - Capacitor
  - CapacitorCordova (8.5.0)
  - CapacitorDevice (8.0.3):
    - Capacitor
  - CapacitorFilesystem (8.1.2):
    - Capacitor
    - IONFilesystemLib (~> 1.1.1)
  - CapacitorGeolocation (8.2.0):
    - Capacitor
    - IONGeolocationLib (= 2.1.0)
  - CapacitorMlkitBarcodeScanning (8.1.0):
    - Capacitor
    - GoogleMLKit/BarcodeScanning (~> 8.0.0)
  - CapacitorShare (8.0.1):
    - Capacitor
  - CapacitorStatusBar (8.0.3):
    - Capacitor
  - CapgoCapacitorAudioRecorder (8.2.6):
    - Capacitor
  - CapgoCapacitorSpeechRecognition (8.1.10):
    - Capacitor
  - GoogleDataTransport (10.1.0):
    - nanopb (~> 3.30910.0)
    - PromisesObjC (~> 2.4)
  - GoogleMLKit/BarcodeScanning (8.0.0):
    - GoogleMLKit/MLKitCore
    - MLKitBarcodeScanning (~> 7.0.0)
  - GoogleMLKit/MLKitCore (8.0.0):
    - MLKitCommon (~> 13.0.0)
  - GoogleToolboxForMac/Defines (4.2.1)
  - GoogleToolboxForMac/Logger (4.2.1):
    - GoogleToolboxForMac/Defines (= 4.2.1)
  - "GoogleToolboxForMac/NSData+zlib (4.2.1)":
    - GoogleToolboxForMac/Defines (= 4.2.1)
  - GoogleUtilities/Environment (8.1.1):
    - GoogleUtilities/Privacy
  - GoogleUtilities/Logger (8.1.1):
    - GoogleUtilities/Environment
    - GoogleUtilities/Privacy
  - GoogleUtilities/Privacy (8.1.1)
  - GoogleUtilities/UserDefaults (8.1.1):
    - GoogleUtilities/Logger
    - GoogleUtilities/Privacy
  - GTMSessionFetcher/Core (3.5.0)
  - IONFilesystemLib (1.1.2)
  - IONGeolocationLib (2.1.0)
  - MLImage (1.0.0-beta7)
  - MLKitBarcodeScanning (7.0.0):
    - MLKitCommon (~> 13.0)
    - MLKitVision (~> 9.0)
  - MLKitCommon (13.0.0):
    - GoogleDataTransport (~> 10.0)
    - GoogleToolboxForMac/Logger (< 5.0, >= 4.2.1)
    - "GoogleToolboxForMac/NSData+zlib (< 5.0, >= 4.2.1)"
    - GoogleUtilities/Logger (~> 8.0)
    - GoogleUtilities/UserDefaults (~> 8.0)
    - GTMSessionFetcher/Core (< 4.0, >= 3.3.2)
  - MLKitVision (9.0.0):
    - GoogleToolboxForMac/Logger (< 5.0, >= 4.2.1)
    - "GoogleToolboxForMac/NSData+zlib (< 5.0, >= 4.2.1)"
    - GTMSessionFetcher/Core (< 4.0, >= 3.3.2)
    - MLImage (= 1.0.0-beta7)
    - MLKitCommon (~> 13.0)
  - nanopb (3.30910.0):
    - nanopb/decode (= 3.30910.0)
    - nanopb/encode (= 3.30910.0)
  - nanopb/decode (3.30910.0)
  - nanopb/encode (3.30910.0)
  - PromisesObjC (2.4.1)

DEPENDENCIES:
  - "Capacitor (from `../../../node_modules/.pnpm/@capacitor+ios@8.5.0_@capacitor+core@8.5.0/node_modules/@capacitor/ios`)"
  - "CapacitorApp (from `../../../node_modules/.pnpm/@capacitor+app@8.1.1_@capacitor+core@8.5.0/node_modules/@capacitor/app`)"
  - "CapacitorAppLauncher (from `../../../node_modules/.pnpm/@capacitor+app-launcher@8.0.1_@capacitor+core@8.5.0/node_modules/@capacitor/app-launcher`)"
  - "CapacitorBrowser (from `../../../node_modules/.pnpm/@capacitor+browser@8.0.4_@capacitor+core@8.5.0/node_modules/@capacitor/browser`)"
  - "CapacitorCamera (from `../../../node_modules/.pnpm/@capacitor+camera@8.2.2_@capacitor+core@8.5.0/node_modules/@capacitor/camera`)"
  - "CapacitorCommunityExif (from `../../../node_modules/.pnpm/@capacitor-community+exif@8.0.0_@capacitor+core@8.5.0/node_modules/@capacitor-community/exif`)"
  - "CapacitorCordova (from `../../../node_modules/.pnpm/@capacitor+ios@8.5.0_@capacitor+core@8.5.0/node_modules/@capacitor/ios`)"
  - "CapacitorDevice (from `../../../node_modules/.pnpm/@capacitor+device@8.0.3_@capacitor+core@8.5.0/node_modules/@capacitor/device`)"
  - "CapacitorFilesystem (from `../../../node_modules/.pnpm/@capacitor+filesystem@8.1.2_@capacitor+core@8.5.0/node_modules/@capacitor/filesystem`)"
  - "CapacitorGeolocation (from `../../../node_modules/.pnpm/@capacitor+geolocation@8.2.0_@capacitor+core@8.5.0/node_modules/@capacitor/geolocation`)"
  - "CapacitorMlkitBarcodeScanning (from `../../../node_modules/.pnpm/@capacitor-mlkit+barcode-scanning@8.1.0_@capacitor+core@8.5.0/node_modules/@capacitor-mlkit/barcode-scanning`)"
  - "CapacitorShare (from `../../../node_modules/.pnpm/@capacitor+share@8.0.1_@capacitor+core@8.5.0/node_modules/@capacitor/share`)"
  - "CapacitorStatusBar (from `../../../node_modules/.pnpm/@capacitor+status-bar@8.0.3_@capacitor+core@8.5.0/node_modules/@capacitor/status-bar`)"
  - "CapgoCapacitorAudioRecorder (from `../../../node_modules/.pnpm/@capgo+capacitor-audio-recorder@8.2.6_@capacitor+core@8.5.0/node_modules/@capgo/capacitor-audio-recorder`)"
  - "CapgoCapacitorSpeechRecognition (from `../../../node_modules/.pnpm/@capgo+capacitor-speech-recognition@8.1.10_@capacitor+core@8.5.0/node_modules/@capgo/capacitor-speech-recognition`)"

SPEC REPOS:
  trunk:
    - GoogleDataTransport
    - GoogleMLKit
    - GoogleToolboxForMac
    - GoogleUtilities
    - GTMSessionFetcher
    - IONFilesystemLib
    - IONGeolocationLib
    - MLImage
    - MLKitBarcodeScanning
    - MLKitCommon
    - MLKitVision
    - nanopb
    - PromisesObjC

EXTERNAL SOURCES:
  Capacitor:
    :path: "../../../node_modules/.pnpm/@capacitor+ios@8.5.0_@capacitor+core@8.5.0/node_modules/@capacitor/ios"
  CapacitorApp:
    :path: "../../../node_modules/.pnpm/@capacitor+app@8.1.1_@capacitor+core@8.5.0/node_modules/@capacitor/app"
  CapacitorAppLauncher:
    :path: "../../../node_modules/.pnpm/@capacitor+app-launcher@8.0.1_@capacitor+core@8.5.0/node_modules/@capacitor/app-launcher"
  CapacitorBrowser:
    :path: "../../../node_modules/.pnpm/@capacitor+browser@8.0.4_@capacitor+core@8.5.0/node_modules/@capacitor/browser"
  CapacitorCamera:
    :path: "../../../node_modules/.pnpm/@capacitor+camera@8.2.2_@capacitor+core@8.5.0/node_modules/@capacitor/camera"
  CapacitorCommunityExif:
    :path: "../../../node_modules/.pnpm/@capacitor-community+exif@8.0.0_@capacitor+core@8.5.0/node_modules/@capacitor-community/exif"
  CapacitorCordova:
    :path: "../../../node_modules/.pnpm/@capacitor+ios@8.5.0_@capacitor+core@8.5.0/node_modules/@capacitor/ios"
  CapacitorDevice:
    :path: "../../../node_modules/.pnpm/@capacitor+device@8.0.3_@capacitor+core@8.5.0/node_modules/@capacitor/device"
  CapacitorFilesystem:
    :path: "../../../node_modules/.pnpm/@capacitor+filesystem@8.1.2_@capacitor+core@8.5.0/node_modules/@capacitor/filesystem"
  CapacitorGeolocation:
    :path: "../../../node_modules/.pnpm/@capacitor+geolocation@8.2.0_@capacitor+core@8.5.0/node_modules/@capacitor/geolocation"
  CapacitorMlkitBarcodeScanning:
    :path: "../../../node_modules/.pnpm/@capacitor-mlkit+barcode-scanning@8.1.0_@capacitor+core@8.5.0/node_modules/@capacitor-mlkit/barcode-scanning"
  CapacitorShare:
    :path: "../../../node_modules/.pnpm/@capacitor+share@8.0.1_@capacitor+core@8.5.0/node_modules/@capacitor/share"
  CapacitorStatusBar:
    :path: "../../../node_modules/.pnpm/@capacitor+status-bar@8.0.3_@capacitor+core@8.5.0/node_modules/@capacitor/status-bar"
  CapgoCapacitorAudioRecorder:
    :path: "../../../node_modules/.pnpm/@capgo+capacitor-audio-recorder@8.2.6_@capacitor+core@8.5.0/node_modules/@capgo/capacitor-audio-recorder"
  CapgoCapacitorSpeechRecognition:
    :path: "../../../node_modules/.pnpm/@capgo+capacitor-speech-recognition@8.1.10_@capacitor+core@8.5.0/node_modules/@capgo/capacitor-speech-recognition"

SPEC CHECKSUMS:
  Capacitor: 1a55f982a77c5b6b8424bb96bd19ca03c158190b
  CapacitorApp: 1cd57d67d3686e897ab11cafa6680eb8c68c7dfd
  CapacitorAppLauncher: 00fc3f40c93d98caae886c9acc7c5787ca27d384
  CapacitorBrowser: a5a739860e2a27f507bd0afe5b049771882327ab
  CapacitorCamera: 4a7cc831be865f0d697db7088431abc7482d876d
  CapacitorCommunityExif: d8c3a56506b6ec59c4472b760b4208d12de1c60e
  CapacitorCordova: a6e61a9baa269a8dfaac3557f3bb72920c6b450a
  CapacitorDevice: 0a8cbde625af73e943d39ef34483929917e43f6c
  CapacitorFilesystem: c1955b1078e39dec66ae3f43431c5e0c3a3696b5
  CapacitorGeolocation: 0898f428dc6f4972618b7d685ff60baffa7e8760
  CapacitorMlkitBarcodeScanning: 6178b1dbbd17182d689962133c2c3dd159228534
  CapacitorShare: 3a806f14968a97aa1f2ecff4c3539de9f2343800
  CapacitorStatusBar: 6c1b537f8d08db4a248a048acdf668a4e441bee5
  CapgoCapacitorAudioRecorder: b6c20caed0df0979992d148833bee7e754df5dad
  CapgoCapacitorSpeechRecognition: 734dc9ab6a0b2a5e704fa2c0d637c6b4b16e6480
  GoogleDataTransport: aae35b7ea0c09004c3797d53c8c41f66f219d6a7
  GoogleMLKit: eff9e23ec1d90ea4157a1ee2e32a4f610c5b3318
  GoogleToolboxForMac: d1a2cbf009c453f4d6ded37c105e2f67a32206d8
  GoogleUtilities: 4f2618a4a1e762a1ee134a1e2323bba9843e06da
  GTMSessionFetcher: 5aea5ba6bd522a239e236100971f10cb71b96ab6
  IONFilesystemLib: 21a63377696b2d8fab5632ecfb7d2ac67bddb68a
  IONGeolocationLib: 20f9d0248a0b5264511fb57a37e25dd2badf797a
  MLImage: 0ad1c5f50edd027672d8b26b0fee78a8b4a0fc56
  MLKitBarcodeScanning: 0a3064da0a7f49ac24ceb3cb46a5bc67496facd2
  MLKitCommon: 07c2c33ae5640e5380beaaa6e4b9c249a205542d
  MLKitVision: 45e79d68845a2de77e2dd4d7f07947f0ed157b0e
  nanopb: fad817b59e0457d11a5dfbde799381cd727c1275
  PromisesObjC: 752c3227f599e3467650e47ea36f433eeb10c273

PODFILE CHECKSUM: 1cb32fd908bb6daee1621b06e0cbab221a995fa7

COCOAPODS: 1.15.2
